
Microsoft Visual Studio Solution File, Format Version 12.00
# Visual Studio 15
VisualStudioVersion = 15.0.26730.12
MinimumVisualStudioVersion = 10.0.40219.1
Project("{FAE04EC0-301F-11D3-BF4B-00C04F79EFBC}") = "ClearRecent", "src\ClearRecent\ClearRecent.csproj", "{B5BC2CE7-790E-49E1-93F2-C7102E633BC5}"
EndProject
Global
	GlobalSection(SolutionConfigurationPlatforms) = preSolution
		Debug|Any CPU = Debug|Any CPU
		Release|Any CPU = Release|Any CPU
	EndGlobalSection
	GlobalSection(ProjectConfigurationPlatforms) = postSolution
		{B5BC2CE7-790E-49E1-93F2-C7102E633BC5}.Debug|Any CPU.ActiveCfg = Debug|Any CPU
		{B5BC2CE7-790E-49E1-93F2-C7102E633BC5}.Debug|Any CPU.Build.0 = Debug|Any CPU
		{B5BC2CE7-790E-49E1-93F2-C7102E633BC5}.Release|Any CPU.ActiveCfg = Release|Any CPU
		{B5BC2CE7-790E-49E1-93F2-C7102E633BC5}.Release|Any CPU.Build.0 = Release|Any CPU
	EndGlobalSection
	GlobalSection(SolutionProperties) = preSolution
		HideSolutionNode = FALSE
	EndGlobalSection
	GlobalSection(ExtensibilityGlobals) = postSolution
		SolutionGuid = {5E9C2B0C-09CE-4A22-B25F-0E8C84A7868F}
	EndGlobalSection
EndGlobal
